
Microsoft Visual Studio Solution File, Format Version 12.00
# Visual Studio Version 17
VisualStudioVersion = 17.13.35818.85
MinimumVisualStudioVersion = 10.0.40219.1
Project("{FAE04EC0-301F-11D3-BF4B-00C04F79EFBC}") = "MPMS", "MPMS\MPMS.csproj", "{65D7E574-7BE3-4B59-B075-681CBE735DC8}"
EndProject
Project("{FAE04EC0-301F-11D3-BF4B-00C04F79EFBC}") = "MPMS.API", "MPMS.API\MPMS.API.csproj", "{CBC0B6A5-74DA-4167-B3E4-ED9865BEF696}"
EndProject
Global
	GlobalSection(SolutionConfigurationPlatforms) = preSolution
		Debug|Any CPU = Debug|Any CPU
		Debug|x64 = Debug|x64
		Debug|x86 = Debug|x86
		Release|Any CPU = Release|Any CPU
		Release|x64 = Release|x64
		Release|x86 = Release|x86
	EndGlobalSection
	GlobalSection(ProjectConfigurationPlatforms) = postSolution
		{65D7E574-7BE3-4B59-B075-681CBE735DC8}.Debug|Any CPU.ActiveCfg = Debug|Any CPU
		{65D7E574-7BE3-4B59-B075-681CBE735DC8}.Debug|Any CPU.Build.0 = Debug|Any CPU
		{65D7E574-7BE3-4B59-B075-681CBE735DC8}.Debug|x64.ActiveCfg = Debug|Any CPU
		{65D7E574-7BE3-4B59-B075-681CBE735DC8}.Debug|x64.Build.0 = Debug|Any CPU
		{65D7E574-7BE3-4B59-B075-681CBE735DC8}.Debug|x86.ActiveCfg = Debug|Any CPU
		{65D7E574-7BE3-4B59-B075-681CBE735DC8}.Debug|x86.Build.0 = Debug|Any CPU
		{65D7E574-7BE3-4B59-B075-681CBE735DC8}.Release|Any CPU.ActiveCfg = Release|Any CPU
		{65D7E574-7BE3-4B59-B075-681CBE735DC8}.Release|Any CPU.Build.0 = Release|Any CPU
		{65D7E574-7BE3-4B59-B075-681CBE735DC8}.Release|x64.ActiveCfg = Release|Any CPU
		{65D7E574-7BE3-4B59-B075-681CBE735DC8}.Release|x64.Build.0 = Release|Any CPU
		{65D7E574-7BE3-4B59-B075-681CBE735DC8}.Release|x86.ActiveCfg = Release|Any CPU
		{65D7E574-7BE3-4B59-B075-681CBE735DC8}.Release|x86.Build.0 = Release|Any CPU
		{CBC0B6A5-74DA-4167-B3E4-ED9865BEF696}.Debug|Any CPU.ActiveCfg = Debug|Any CPU
		{CBC0B6A5-74DA-4167-B3E4-ED9865BEF696}.Debug|Any CPU.Build.0 = Debug|Any CPU
		{CBC0B6A5-74DA-4167-B3E4-ED9865BEF696}.Debug|x64.ActiveCfg = Debug|Any CPU
		{CBC0B6A5-74DA-4167-B3E4-ED9865BEF696}.Debug|x64.Build.0 = Debug|Any CPU
		{CBC0B6A5-74DA-4167-B3E4-ED9865BEF696}.Debug|x86.ActiveCfg = Debug|Any CPU
		{CBC0B6A5-74DA-4167-B3E4-ED9865BEF696}.Debug|x86.Build.0 = Debug|Any CPU
		{CBC0B6A5-74DA-4167-B3E4-ED9865BEF696}.Release|Any CPU.ActiveCfg = Release|Any CPU
		{CBC0B6A5-74DA-4167-B3E4-ED9865BEF696}.Release|Any CPU.Build.0 = Release|Any CPU
		{CBC0B6A5-74DA-4167-B3E4-ED9865BEF696}.Release|x64.ActiveCfg = Release|Any CPU
		{CBC0B6A5-74DA-4167-B3E4-ED9865BEF696}.Release|x64.Build.0 = Release|Any CPU
		{CBC0B6A5-74DA-4167-B3E4-ED9865BEF696}.Release|x86.ActiveCfg = Release|Any CPU
		{CBC0B6A5-74DA-4167-B3E4-ED9865BEF696}.Release|x86.Build.0 = Release|Any CPU
	EndGlobalSection
	GlobalSection(SolutionProperties) = preSolution
		HideSolutionNode = FALSE
	EndGlobalSection
	GlobalSection(ExtensibilityGlobals) = postSolution
		SolutionGuid = {F35784C7-40AA-4F13-88F1-8B890C981C50}
	EndGlobalSection
EndGlobal
